
Microsoft Visual Studio Solution File, Format Version 12.00
# Visual Studio 15
VisualStudioVersion = 15.0.28307.572
MinimumVisualStudioVersion = 10.0.40219.1
Project("{FAE04EC0-301F-11D3-BF4B-00C04F79EFBC}") = "wpf-multi-views-demo", "wpf-multi-views-demo\wpf-multi-views-demo.csproj", "{24CD7165-97FC-439C-A1B4-00A103907E36}"
EndProject
Global
	GlobalSection(SolutionConfigurationPlatforms) = preSolution
		Debug|Any CPU = Debug|Any CPU
		Release|Any CPU = Release|Any CPU
	EndGlobalSection
	GlobalSection(ProjectConfigurationPlatforms) = postSolution
		{24CD7165-97FC-439C-A1B4-00A103907E36}.Debug|Any CPU.ActiveCfg = Debug|Any CPU
		{24CD7165-97FC-439C-A1B4-00A103907E36}.Debug|Any CPU.Build.0 = Debug|Any CPU
		{24CD7165-97FC-439C-A1B4-00A103907E36}.Release|Any CPU.ActiveCfg = Release|Any CPU
		{24CD7165-97FC-439C-A1B4-00A103907E36}.Release|Any CPU.Build.0 = Release|Any CPU
	EndGlobalSection
	GlobalSection(SolutionProperties) = preSolution
		HideSolutionNode = FALSE
	EndGlobalSection
	GlobalSection(ExtensibilityGlobals) = postSolution
		SolutionGuid = {C14F1848-4DB2-46FA-87EB-8A230040AA52}
	EndGlobalSection
EndGlobal
